
Microsoft Visual Studio Solution File, Format Version 12.00
# Visual Studio Version 17
VisualStudioVersion = 17.11.35327.3
MinimumVisualStudioVersion = 10.0.40219.1
Project("{FAE04EC0-301F-11D3-BF4B-00C04F79EFBC}") = "Assignment_1_3_1", "Assignment_1_3_1.csproj", "{BCB9AC11-8334-4541-BC0A-FE4A3703DE5E}"
EndProject
Global
	GlobalSection(SolutionConfigurationPlatforms) = preSolution
		Debug|Any CPU = Debug|Any CPU
		Release|Any CPU = Release|Any CPU
	EndGlobalSection
	GlobalSection(ProjectConfigurationPlatforms) = postSolution
		{BCB9AC11-8334-4541-BC0A-FE4A3703DE5E}.Debug|Any CPU.ActiveCfg = Debug|Any CPU
		{BCB9AC11-8334-4541-BC0A-FE4A3703DE5E}.Debug|Any CPU.Build.0 = Debug|Any CPU
		{BCB9AC11-8334-4541-BC0A-FE4A3703DE5E}.Release|Any CPU.ActiveCfg = Release|Any CPU
		{BCB9AC11-8334-4541-BC0A-FE4A3703DE5E}.Release|Any CPU.Build.0 = Release|Any CPU
	EndGlobalSection
	GlobalSection(SolutionProperties) = preSolution
		HideSolutionNode = FALSE
	EndGlobalSection
	GlobalSection(ExtensibilityGlobals) = postSolution
		SolutionGuid = {0A3C3DC4-2F53-4B61-B360-743CEA7AD3D6}
	EndGlobalSection
EndGlobal
